
Microsoft Visual Studio Solution File, Format Version 12.00
# Visual Studio Version 16
VisualStudioVersion = 16.0.31321.278
MinimumVisualStudioVersion = 10.0.40219.1
Project("{FAE04EC0-301F-11D3-BF4B-00C04F79EFBC}") = "GroupConsoleApp", "GroupConsoleApp.csproj", "{47E393F2-1476-454C-86A1-B254EC31A44D}"
EndProject
Project("{9A19103F-16F7-4668-BE54-9A1E7A4F7556}") = "MyTacoTruck", "..\..\WilliesDemo\MyTacoTruck.csproj", "{8E2B4B8C-5E4C-458F-BBC0-BDAD78790DAB}"
EndProject
Global
	GlobalSection(SolutionConfigurationPlatforms) = preSolution
		Debug|Any CPU = Debug|Any CPU
		Release|Any CPU = Release|Any CPU
	EndGlobalSection
	GlobalSection(ProjectConfigurationPlatforms) = postSolution
		{47E393F2-1476-454C-86A1-B254EC31A44D}.Debug|Any CPU.ActiveCfg = Debug|Any CPU
		{47E393F2-1476-454C-86A1-B254EC31A44D}.Debug|Any CPU.Build.0 = Debug|Any CPU
		{47E393F2-1476-454C-86A1-B254EC31A44D}.Release|Any CPU.ActiveCfg = Release|Any CPU
		{47E393F2-1476-454C-86A1-B254EC31A44D}.Release|Any CPU.Build.0 = Release|Any CPU
		{8E2B4B8C-5E4C-458F-BBC0-BDAD78790DAB}.Debug|Any CPU.ActiveCfg = Debug|Any CPU
		{8E2B4B8C-5E4C-458F-BBC0-BDAD78790DAB}.Debug|Any CPU.Build.0 = Debug|Any CPU
		{8E2B4B8C-5E4C-458F-BBC0-BDAD78790DAB}.Release|Any CPU.ActiveCfg = Release|Any CPU
		{8E2B4B8C-5E4C-458F-BBC0-BDAD78790DAB}.Release|Any CPU.Build.0 = Release|Any CPU
	EndGlobalSection
	GlobalSection(SolutionProperties) = preSolution
		HideSolutionNode = FALSE
	EndGlobalSection
	GlobalSection(ExtensibilityGlobals) = postSolution
		SolutionGuid = {7D8B71A7-A501-421B-906B-F36953CACAF9}
	EndGlobalSection
EndGlobal
